// !$*UTF8*$!
{
	archiveVersion = 1;
	classes = {
	};
	objectVersion = 56;
	objects = {

/* Begin PBXBuildFile section */
		0C1FDC0A2C04D02C00B9211A /* AppStarter.swift in Sources */ = {isa = PBXBuildFile; fileRef = 0C1FDC092C04D02C00B9211A /* AppStarter.swift */; };
		0C1FDC0E2C04D02C00B9211A /* Item.swift in Sources */ = {isa = PBXBuildFile; fileRef = 0C1FDC0D2C04D02C00B9211A /* Item.swift */; };
		0C1FDC102C04D02D00B9211A /* Assets.xcassets in Resources */ = {isa = PBXBuildFile; fileRef = 0C1FDC0F2C04D02D00B9211A /* Assets.xcassets */; };
		0C1FDC132C04D02D00B9211A /* Preview Assets.xcassets in Resources */ = {isa = PBXBuildFile; fileRef = 0C1FDC122C04D02D00B9211A /* Preview Assets.xcassets */; };
		0C4DC01A2C07027A00A28B9F /* AppButton.swift in Sources */ = {isa = PBXBuildFile; fileRef = 0C4DC0112C07027A00A28B9F /* AppButton.swift */; };
		0C4DC0202C07027A00A28B9F /* SwitchToggle.swift in Sources */ = {isa = PBXBuildFile; fileRef = 0C4DC0172C07027A00A28B9F /* SwitchToggle.swift */; };
		0E00D7612C04D4E8001480AC /* ContiViewModel.swift in Sources */ = {isa = PBXBuildFile; fileRef = 0E00D7602C04D4E8001480AC /* ContiViewModel.swift */; };
		0E00D7632C04D510001480AC /* AggiungiSerataView.swift in Sources */ = {isa = PBXBuildFile; fileRef = 0E00D7622C04D510001480AC /* AggiungiSerataView.swift */; };
		0EAF1F532C075F4300D3CEFC /* conti.swift in Sources */ = {isa = PBXBuildFile; fileRef = 0EAF1F522C075F4300D3CEFC /* conti.swift */; };
		0EAF1F552C075F5500D3CEFC /* storico.swift in Sources */ = {isa = PBXBuildFile; fileRef = 0EAF1F542C075F5500D3CEFC /* storico.swift */; };
		0EAF1F572C075F8000D3CEFC /* impostazioni.swift in Sources */ = {isa = PBXBuildFile; fileRef = 0EAF1F562C075F8000D3CEFC /* impostazioni.swift */; };
		0EC3DFFC2C072E8700FD360A /* homepage.swift in Sources */ = {isa = PBXBuildFile; fileRef = 0EC3DFFB2C072E8700FD360A /* homepage.swift */; };
/* End PBXBuildFile section */

/* Begin PBXFileReference section */
		0C1FDC062C04D02C00B9211A /* CovoExperience.app */ = {isa = PBXFileReference; explicitFileType = wrapper.application; includeInIndex = 0; path = CovoExperience.app; sourceTree = BUILT_PRODUCTS_DIR; };
		0C1FDC092C04D02C00B9211A /* AppStarter.swift */ = {isa = PBXFileReference; lastKnownFileType = sourcecode.swift; path = AppStarter.swift; sourceTree = "<group>"; };
		0C1FDC0D2C04D02C00B9211A /* Item.swift */ = {isa = PBXFileReference; lastKnownFileType = sourcecode.swift; path = Item.swift; sourceTree = "<group>"; };
		0C1FDC0F2C04D02D00B9211A /* Assets.xcassets */ = {isa = PBXFileReference; lastKnownFileType = folder.assetcatalog; path = Assets.xcassets; sourceTree = "<group>"; };
		0C1FDC122C04D02D00B9211A /* Preview Assets.xcassets */ = {isa = PBXFileReference; lastKnownFileType = folder.assetcatalog; path = "Preview Assets.xcassets"; sourceTree = "<group>"; };
		0C4DC0112C07027A00A28B9F /* AppButton.swift */ = {isa = PBXFileReference; fileEncoding = 4; lastKnownFileType = sourcecode.swift; path = AppButton.swift; sourceTree = "<group>"; };
		0C4DC0172C07027A00A28B9F /* SwitchToggle.swift */ = {isa = PBXFileReference; fileEncoding = 4; lastKnownFileType = sourcecode.swift; path = SwitchToggle.swift; sourceTree = "<group>"; };
		0E00D7602C04D4E8001480AC /* ContiViewModel.swift */ = {isa = PBXFileReference; lastKnownFileType = sourcecode.swift; path = ContiViewModel.swift; sourceTree = "<group>"; };
		0E00D7622C04D510001480AC /* AggiungiSerataView.swift */ = {isa = PBXFileReference; lastKnownFileType = sourcecode.swift; path = AggiungiSerataView.swift; sourceTree = "<group>"; };
		0EAF1F522C075F4300D3CEFC /* conti.swift */ = {isa = PBXFileReference; lastKnownFileType = sourcecode.swift; path = conti.swift; sourceTree = "<group>"; };
		0EAF1F542C075F5500D3CEFC /* storico.swift */ = {isa = PBXFileReference; lastKnownFileType = sourcecode.swift; path = storico.swift; sourceTree = "<group>"; };
		0EAF1F562C075F8000D3CEFC /* impostazioni.swift */ = {isa = PBXFileReference; lastKnownFileType = sourcecode.swift; path = impostazioni.swift; sourceTree = "<group>"; };
		0EC3DFFB2C072E8700FD360A /* homepage.swift */ = {isa = PBXFileReference; lastKnownFileType = sourcecode.swift; path = homepage.swift; sourceTree = "<group>"; };
/* End PBXFileReference section */

/* Begin PBXFrameworksBuildPhase section */
		0C1FDC032C04D02C00B9211A /* Frameworks */ = {
			isa = PBXFrameworksBuildPhase;
			buildActionMask = 2147483647;
			files = (
			);
			runOnlyForDeploymentPostprocessing = 0;
		};
/* End PBXFrameworksBuildPhase section */

/* Begin PBXGroup section */
		0C1FDBFD2C04D02C00B9211A = {
			isa = PBXGroup;
			children = (
				0C4DC0182C07027A00A28B9F /* FlyHigh */,
				0C1FDC082C04D02C00B9211A /* OLD_APPLICATION */,
				0C1FDC072C04D02C00B9211A /* Products */,
			);
			sourceTree = "<group>";
		};
		0C1FDC072C04D02C00B9211A /* Products */ = {
			isa = PBXGroup;
			children = (
				0C1FDC062C04D02C00B9211A /* CovoExperience.app */,
			);
			name = Products;
			sourceTree = "<group>";
		};
		0C1FDC082C04D02C00B9211A /* OLD_APPLICATION */ = {
			isa = PBXGroup;
			children = (
				0C1FDC092C04D02C00B9211A /* AppStarter.swift */,
				0C1FDC112C04D02D00B9211A /* Preview Content */,
				0E00D75D2C04D2B8001480AC /* Model */,
				0E00D75E2C04D2C5001480AC /* View */,
				0E00D75F2C04D2CA001480AC /* ViewModel */,
			);
			path = OLD_APPLICATION;
			sourceTree = "<group>";
		};
		0C1FDC112C04D02D00B9211A /* Preview Content */ = {
			isa = PBXGroup;
			children = (
				0C1FDC122C04D02D00B9211A /* Preview Assets.xcassets */,
			);
			path = "Preview Content";
			sourceTree = "<group>";
		};
		0C4DC0182C07027A00A28B9F /* FlyHigh */ = {
			isa = PBXGroup;
			children = (
				0C1FDC0F2C04D02D00B9211A /* Assets.xcassets */,
				0C4DC0242C07056E00A28B9F /* SwiftDataDirectory */,
				0C4DC0232C0704F100A28B9F /* ViewModel */,
				0C4DC0222C0704EC00A28B9F /* Model */,
				0C4DC0212C0704E600A28B9F /* View */,
			);
			path = FlyHigh;
			sourceTree = "<group>";
		};
		0C4DC0212C0704E600A28B9F /* View */ = {
			isa = PBXGroup;
			children = (
				0EC3DFFB2C072E8700FD360A /* homepage.swift */,
				0EAF1F522C075F4300D3CEFC /* conti.swift */,
				0EAF1F542C075F5500D3CEFC /* storico.swift */,
				0EAF1F562C075F8000D3CEFC /* impostazioni.swift */,
				0C4DC0252C07074E00A28B9F /* Components */,
			);
			path = View;
			sourceTree = "<group>";
		};
		0C4DC0222C0704EC00A28B9F /* Model */ = {
			isa = PBXGroup;
			children = (
			);
			path = Model;
			sourceTree = "<group>";
		};
		0C4DC0232C0704F100A28B9F /* ViewModel */ = {
			isa = PBXGroup;
			children = (
				0E00D7602C04D4E8001480AC /* ContiViewModel.swift */,
				0E00D7622C04D510001480AC /* AggiungiSerataView.swift */,
			);
			path = ViewModel;
			sourceTree = "<group>";
		};
		0C4DC0242C07056E00A28B9F /* SwiftDataDirectory */ = {
			isa = PBXGroup;
			children = (
				0C1FDC0D2C04D02C00B9211A /* Item.swift */,
			);
			path = SwiftDataDirectory;
			sourceTree = "<group>";
		};
		0C4DC0252C07074E00A28B9F /* Components */ = {
			isa = PBXGroup;
			children = (
				0C4DC0112C07027A00A28B9F /* AppButton.swift */,
				0C4DC0172C07027A00A28B9F /* SwitchToggle.swift */,
			);
			path = Components;
			sourceTree = "<group>";
		};
		0E00D75D2C04D2B8001480AC /* Model */ = {
			isa = PBXGroup;
			children = (
			);
			path = Model;
			sourceTree = "<group>";
		};
		0E00D75E2C04D2C5001480AC /* View */ = {
			isa = PBXGroup;
			children = (
			);
			path = View;
			sourceTree = "<group>";
		};
		0E00D75F2C04D2CA001480AC /* ViewModel */ = {
			isa = PBXGroup;
			children = (
			);
			path = ViewModel;
			sourceTree = "<group>";
		};
/* End PBXGroup section */

/* Begin PBXNativeTarget section */
		0C1FDC052C04D02C00B9211A /* CovoExperience */ = {
			isa = PBXNativeTarget;
			buildConfigurationList = 0C1FDC162C04D02D00B9211A /* Build configuration list for PBXNativeTarget "CovoExperience" */;
			buildPhases = (
				0C1FDC022C04D02C00B9211A /* Sources */,
				0C1FDC032C04D02C00B9211A /* Frameworks */,
				0C1FDC042C04D02C00B9211A /* Resources */,
			);
			buildRules = (
			);
			dependencies = (
			);
			name = CovoExperience;
			productName = CovoExperience;
			productReference = 0C1FDC062C04D02C00B9211A /* CovoExperience.app */;
			productType = "com.apple.product-type.application";
		};
/* End PBXNativeTarget section */

/* Begin PBXProject section */
		0C1FDBFE2C04D02C00B9211A /* Project object */ = {
			isa = PBXProject;
			attributes = {
				BuildIndependentTargetsInParallel = 1;
				LastSwiftUpdateCheck = 1540;
				LastUpgradeCheck = 1540;
				TargetAttributes = {
					0C1FDC052C04D02C00B9211A = {
						CreatedOnToolsVersion = 15.4;
					};
				};
			};
			buildConfigurationList = 0C1FDC012C04D02C00B9211A /* Build configuration list for PBXProject "CovoExperience" */;
			compatibilityVersion = "Xcode 14.0";
			developmentRegion = en;
			hasScannedForEncodings = 0;
			knownRegions = (
				en,
				Base,
			);
			mainGroup = 0C1FDBFD2C04D02C00B9211A;
			productRefGroup = 0C1FDC072C04D02C00B9211A /* Products */;
			projectDirPath = "";
			projectRoot = "";
			targets = (
				0C1FDC052C04D02C00B9211A /* CovoExperience */,
			);
		};
/* End PBXProject section */

/* Begin PBXResourcesBuildPhase section */
		0C1FDC042C04D02C00B9211A /* Resources */ = {
			isa = PBXResourcesBuildPhase;
			buildActionMask = 2147483647;
			files = (
				0C1FDC132C04D02D00B9211A /* Preview Assets.xcassets in Resources */,
				0C1FDC102C04D02D00B9211A /* Assets.xcassets in Resources */,
			);
			runOnlyForDeploymentPostprocessing = 0;
		};
/* End PBXResourcesBuildPhase section */

/* Begin PBXSourcesBuildPhase section */
		0C1FDC022C04D02C00B9211A /* Sources */ = {
			isa = PBXSourcesBuildPhase;
			buildActionMask = 2147483647;
			files = (
				0E00D7612C04D4E8001480AC /* ContiViewModel.swift in Sources */,
				0EAF1F552C075F5500D3CEFC /* storico.swift in Sources */,
				0EAF1F572C075F8000D3CEFC /* impostazioni.swift in Sources */,
				0E00D7632C04D510001480AC /* AggiungiSerataView.swift in Sources */,
				0EC3DFFC2C072E8700FD360A /* homepage.swift in Sources */,
				0EAF1F532C075F4300D3CEFC /* conti.swift in Sources */,
				0C4DC01A2C07027A00A28B9F /* AppButton.swift in Sources */,
				0C1FDC0E2C04D02C00B9211A /* Item.swift in Sources */,
				0C1FDC0A2C04D02C00B9211A /* AppStarter.swift in Sources */,
				0C4DC0202C07027A00A28B9F /* SwitchToggle.swift in Sources */,
			);
			runOnlyForDeploymentPostprocessing = 0;
		};
/* End PBXSourcesBuildPhase section */

/* Begin XCBuildConfiguration section */
		0C1FDC142C04D02D00B9211A /* Debug */ = {
			isa = XCBuildConfiguration;
			buildSettings = {
				ALWAYS_SEARCH_USER_PATHS = NO;
				ASSETCATALOG_COMPILER_GENERATE_SWIFT_ASSET_SYMBOL_EXTENSIONS = YES;
				CLANG_ANALYZER_NONNULL = YES;
				CLANG_ANALYZER_NUMBER_OBJECT_CONVERSION = YES_AGGRESSIVE;
				CLANG_CXX_LANGUAGE_STANDARD = "gnu++20";
				CLANG_ENABLE_MODULES = YES;
				CLANG_ENABLE_OBJC_ARC = YES;
				CLANG_ENABLE_OBJC_WEAK = YES;
				CLANG_WARN_BLOCK_CAPTURE_AUTORELEASING = YES;
				CLANG_WARN_BOOL_CONVERSION = YES;
				CLANG_WARN_COMMA = YES;
				CLANG_WARN_CONSTANT_CONVERSION = YES;
				CLANG_WARN_DEPRECATED_OBJC_IMPLEMENTATIONS = YES;
				CLANG_WARN_DIRECT_OBJC_ISA_USAGE = YES_ERROR;
				CLANG_WARN_DOCUMENTATION_COMMENTS = YES;
				CLANG_WARN_EMPTY_BODY = YES;
				CLANG_WARN_ENUM_CONVERSION = YES;
				CLANG_WARN_INFINITE_RECURSION = YES;
				CLANG_WARN_INT_CONVERSION = YES;
				CLANG_WARN_NON_LITERAL_NULL_CONVERSION = YES;
				CLANG_WARN_OBJC_IMPLICIT_RETAIN_SELF = YES;
				CLANG_WARN_OBJC_LITERAL_CONVERSION = YES;
				CLANG_WARN_OBJC_ROOT_CLASS = YES_ERROR;
				CLANG_WARN_QUOTED_INCLUDE_IN_FRAMEWORK_HEADER = YES;
				CLANG_WARN_RANGE_LOOP_ANALYSIS = YES;
				CLANG_WARN_STRICT_PROTOTYPES = YES;
				CLANG_WARN_SUSPICIOUS_MOVE = YES;
				CLANG_WARN_UNGUARDED_AVAILABILITY = YES_AGGRESSIVE;
				CLANG_WARN_UNREACHABLE_CODE = YES;
				CLANG_WARN__DUPLICATE_METHOD_MATCH = YES;
				COPY_PHASE_STRIP = NO;
				DEBUG_INFORMATION_FORMAT = dwarf;
				ENABLE_STRICT_OBJC_MSGSEND = YES;
				ENABLE_TESTABILITY = YES;
				ENABLE_USER_SCRIPT_SANDBOXING = YES;
				GCC_C_LANGUAGE_STANDARD = gnu17;
				GCC_DYNAMIC_NO_PIC = NO;
				GCC_NO_COMMON_BLOCKS = YES;
				GCC_OPTIMIZATION_LEVEL = 0;
				GCC_PREPROCESSOR_DEFINITIONS = (
					"DEBUG=1",
					"$(inherited)",
				);
				GCC_WARN_64_TO_32_BIT_CONVERSION = YES;
				GCC_WARN_ABOUT_RETURN_TYPE = YES_ERROR;
				GCC_WARN_UNDECLARED_SELECTOR = YES;
				GCC_WARN_UNINITIALIZED_AUTOS = YES_AGGRESSIVE;
				GCC_WARN_UNUSED_FUNCTION = YES;
				GCC_WARN_UNUSED_VARIABLE = YES;
				IPHONEOS_DEPLOYMENT_TARGET = 17.5;
				LOCALIZATION_PREFERS_STRING_CATALOGS = YES;
				MTL_ENABLE_DEBUG_INFO = INCLUDE_SOURCE;
				MTL_FAST_MATH = YES;
				ONLY_ACTIVE_ARCH = YES;
				SDKROOT = iphoneos;
				SWIFT_ACTIVE_COMPILATION_CONDITIONS = "DEBUG $(inherited)";
				SWIFT_OPTIMIZATION_LEVEL = "-Onone";
			};
			name = Debug;
		};
		0C1FDC152C04D02D00B9211A /* Release */ = {
			isa = XCBuildConfiguration;
			buildSettings = {
				ALWAYS_SEARCH_USER_PATHS = NO;
				ASSETCATALOG_COMPILER_GENERATE_SWIFT_ASSET_SYMBOL_EXTENSIONS = YES;
				CLANG_ANALYZER_NONNULL = YES;
				CLANG_ANALYZER_NUMBER_OBJECT_CONVERSION = YES_AGGRESSIVE;
				CLANG_CXX_LANGUAGE_STANDARD = "gnu++20";
				CLANG_ENABLE_MODULES = YES;
				CLANG_ENABLE_OBJC_ARC = YES;
				CLANG_ENABLE_OBJC_WEAK = YES;
				CLANG_WARN_BLOCK_CAPTURE_AUTORELEASING = YES;
				CLANG_WARN_BOOL_CONVERSION = YES;
				CLANG_WARN_COMMA = YES;
				CLANG_WARN_CONSTANT_CONVERSION = YES;
				CLANG_WARN_DEPRECATED_OBJC_IMPLEMENTATIONS = YES;
				CLANG_WARN_DIRECT_OBJC_ISA_USAGE = YES_ERROR;
				CLANG_WARN_DOCUMENTATION_COMMENTS = YES;
				CLANG_WARN_EMPTY_BODY = YES;
				CLANG_WARN_ENUM_CONVERSION = YES;
				CLANG_WARN_INFINITE_RECURSION = YES;
				CLANG_WARN_INT_CONVERSION = YES;
				CLANG_WARN_NON_LITERAL_NULL_CONVERSION = YES;
				CLANG_WARN_OBJC_IMPLICIT_RETAIN_SELF = YES;
				CLANG_WARN_OBJC_LITERAL_CONVERSION = YES;
				CLANG_WARN_OBJC_ROOT_CLASS = YES_ERROR;
				CLANG_WARN_QUOTED_INCLUDE_IN_FRAMEWORK_HEADER = YES;
				CLANG_WARN_RANGE_LOOP_ANALYSIS = YES;
				CLANG_WARN_STRICT_PROTOTYPES = YES;
				CLANG_WARN_SUSPICIOUS_MOVE = YES;
				CLANG_WARN_UNGUARDED_AVAILABILITY = YES_AGGRESSIVE;
				CLANG_WARN_UNREACHABLE_CODE = YES;
				CLANG_WARN__DUPLICATE_METHOD_MATCH = YES;
				COPY_PHASE_STRIP = NO;
				DEBUG_INFORMATION_FORMAT = "dwarf-with-dsym";
				ENABLE_NS_ASSERTIONS = NO;
				ENABLE_STRICT_OBJC_MSGSEND = YES;
				ENABLE_USER_SCRIPT_SANDBOXING = YES;
				GCC_C_LANGUAGE_STANDARD = gnu17;
				GCC_NO_COMMON_BLOCKS = YES;
				GCC_WARN_64_TO_32_BIT_CONVERSION = YES;
				GCC_WARN_ABOUT_RETURN_TYPE = YES_ERROR;
				GCC_WARN_UNDECLARED_SELECTOR = YES;
				GCC_WARN_UNINITIALIZED_AUTOS = YES_AGGRESSIVE;
				GCC_WARN_UNUSED_FUNCTION = YES;
				GCC_WARN_UNUSED_VARIABLE = YES;
				IPHONEOS_DEPLOYMENT_TARGET = 17.5;
				LOCALIZATION_PREFERS_STRING_CATALOGS = YES;
				MTL_ENABLE_DEBUG_INFO = NO;
				MTL_FAST_MATH = YES;
				SDKROOT = iphoneos;
				SWIFT_COMPILATION_MODE = wholemodule;
				VALIDATE_PRODUCT = YES;
			};
			name = Release;
		};
		0C1FDC172C04D02D00B9211A /* Debug */ = {
			isa = XCBuildConfiguration;
			buildSettings = {
				ASSETCATALOG_COMPILER_APPICON_NAME = AppIcon;
				ASSETCATALOG_COMPILER_GLOBAL_ACCENT_COLOR_NAME = AccentColor;
				CODE_SIGN_STYLE = Automatic;
				CURRENT_PROJECT_VERSION = 1;
				DEVELOPMENT_ASSET_PATHS = "\"OLD_APPLICATION/Preview Content\"";
				DEVELOPMENT_TEAM = 29TYU3PWKC;
				ENABLE_PREVIEWS = YES;
				GENERATE_INFOPLIST_FILE = YES;
				INFOPLIST_KEY_UIApplicationSceneManifest_Generation = YES;
				INFOPLIST_KEY_UIApplicationSupportsIndirectInputEvents = YES;
				INFOPLIST_KEY_UILaunchScreen_Generation = YES;
				INFOPLIST_KEY_UISupportedInterfaceOrientations_iPad = "UIInterfaceOrientationPortrait UIInterfaceOrientationPortraitUpsideDown UIInterfaceOrientationLandscapeLeft UIInterfaceOrientationLandscapeRight";
				INFOPLIST_KEY_UISupportedInterfaceOrientations_iPhone = "UIInterfaceOrientationPortrait UIInterfaceOrientationLandscapeLeft UIInterfaceOrientationLandscapeRight";
				IPHONEOS_DEPLOYMENT_TARGET = 17.4;
				LD_RUNPATH_SEARCH_PATHS = (
					"$(inherited)",
					"@executable_path/Frameworks",
				);
				MARKETING_VERSION = 1.0;
				PRODUCT_BUNDLE_IDENTIFIER = Noxsoft.CovoExperience;
				PRODUCT_NAME = "$(TARGET_NAME)";
				SWIFT_EMIT_LOC_STRINGS = YES;
				SWIFT_VERSION = 5.0;
				TARGETED_DEVICE_FAMILY = "1,2";
			};
			name = Debug;
		};
		0C1FDC182C04D02D00B9211A /* Release */ = {
			isa = XCBuildConfiguration;
			buildSettings = {
				ASSETCATALOG_COMPILER_APPICON_NAME = AppIcon;
				ASSETCATALOG_COMPILER_GLOBAL_ACCENT_COLOR_NAME = AccentColor;
				CODE_SIGN_STYLE = Automatic;
				CURRENT_PROJECT_VERSION = 1;
				DEVELOPMENT_ASSET_PATHS = "\"OLD_APPLICATION/Preview Content\"";
				DEVELOPMENT_TEAM = 29TYU3PWKC;
				ENABLE_PREVIEWS = YES;
				GENERATE_INFOPLIST_FILE = YES;
				INFOPLIST_KEY_UIApplicationSceneManifest_Generation = YES;
				INFOPLIST_KEY_UIApplicationSupportsIndirectInputEvents = YES;
				INFOPLIST_KEY_UILaunchScreen_Generation = YES;
				INFOPLIST_KEY_UISupportedInterfaceOrientations_iPad = "UIInterfaceOrientationPortrait UIInterfaceOrientationPortraitUpsideDown UIInterfaceOrientationLandscapeLeft UIInterfaceOrientationLandscapeRight";
				INFOPLIST_KEY_UISupportedInterfaceOrientations_iPhone = "UIInterfaceOrientationPortrait UIInterfaceOrientationLandscapeLeft UIInterfaceOrientationLandscapeRight";
				IPHONEOS_DEPLOYMENT_TARGET = 17.4;
				LD_RUNPATH_SEARCH_PATHS = (
					"$(inherited)",
					"@executable_path/Frameworks",
				);
				MARKETING_VERSION = 1.0;
				PRODUCT_BUNDLE_IDENTIFIER = Noxsoft.CovoExperience;
				PRODUCT_NAME = "$(TARGET_NAME)";
				SWIFT_EMIT_LOC_STRINGS = YES;
				SWIFT_VERSION = 5.0;
				TARGETED_DEVICE_FAMILY = "1,2";
			};
			name = Release;
		};
/* End XCBuildConfiguration section */

/* Begin XCConfigurationList section */
		0C1FDC012C04D02C00B9211A /* Build configuration list for PBXProject "CovoExperience" */ = {
			isa = XCConfigurationList;
			buildConfigurations = (
				0C1FDC142C04D02D00B9211A /* Debug */,
				0C1FDC152C04D02D00B9211A /* Release */,
			);
			defaultConfigurationIsVisible = 0;
			defaultConfigurationName = Release;
		};
		0C1FDC162C04D02D00B9211A /* Build configuration list for PBXNativeTarget "CovoExperience" */ = {
			isa = XCConfigurationList;
			buildConfigurations = (
				0C1FDC172C04D02D00B9211A /* Debug */,
				0C1FDC182C04D02D00B9211A /* Release */,
			);
			defaultConfigurationIsVisible = 0;
			defaultConfigurationName = Release;
		};
/* End XCConfigurationList section */
	};
	rootObject = 0C1FDBFE2C04D02C00B9211A /* Project object */;
}
